
Microsoft Visual Studio Solution File, Format Version 12.00
# Visual Studio Version 16
VisualStudioVersion = 16.0.32602.291
MinimumVisualStudioVersion = 10.0.40219.1
Project("{FAE04EC0-301F-11D3-BF4B-00C04F79EFBC}") = "GYMproject", "GYMproject\GYMproject.csproj", "{DE3E115F-E853-4B62-A133-C0CA550DEE35}"
EndProject
Global
	GlobalSection(SolutionConfigurationPlatforms) = preSolution
		Debug|Any CPU = Debug|Any CPU
		Release|Any CPU = Release|Any CPU
	EndGlobalSection
	GlobalSection(ProjectConfigurationPlatforms) = postSolution
		{DE3E115F-E853-4B62-A133-C0CA550DEE35}.Debug|Any CPU.ActiveCfg = Debug|Any CPU
		{DE3E115F-E853-4B62-A133-C0CA550DEE35}.Debug|Any CPU.Build.0 = Debug|Any CPU
		{DE3E115F-E853-4B62-A133-C0CA550DEE35}.Release|Any CPU.ActiveCfg = Release|Any CPU
		{DE3E115F-E853-4B62-A133-C0CA550DEE35}.Release|Any CPU.Build.0 = Release|Any CPU
	EndGlobalSection
	GlobalSection(SolutionProperties) = preSolution
		HideSolutionNode = FALSE
	EndGlobalSection
	GlobalSection(ExtensibilityGlobals) = postSolution
		SolutionGuid = {EF4D8B1F-BFBF-44A7-8A27-04C61A7BD601}
	EndGlobalSection
EndGlobal
